
Microsoft Visual Studio Solution File, Format Version 12.00
# Visual Studio Version 17
VisualStudioVersion = 17.0.31903.59
MinimumVisualStudioVersion = 10.0.40219.1
Project("{FAE04EC0-301F-11D3-BF4B-00C04F79EFBC}") = "API", "API\API.csproj", "{58EC3E34-FC59-4885-A286-D748544D6505}"
EndProject
Project("{FAE04EC0-301F-11D3-BF4B-00C04F79EFBC}") = "Core", "Core\Core.csproj", "{4BF0DFDD-BD76-4BD5-ADA3-CFF9D9E484B4}"
EndProject
Project("{FAE04EC0-301F-11D3-BF4B-00C04F79EFBC}") = "Infrastructure", "Infrastructure\Infrastructure.csproj", "{57538F92-AE49-4E5A-B2AD-95BAEC566B68}"
EndProject
Global
	GlobalSection(SolutionConfigurationPlatforms) = preSolution
		Debug|Any CPU = Debug|Any CPU
		Release|Any CPU = Release|Any CPU
	EndGlobalSection
	GlobalSection(SolutionProperties) = preSolution
		HideSolutionNode = FALSE
	EndGlobalSection
	GlobalSection(ProjectConfigurationPlatforms) = postSolution
		{58EC3E34-FC59-4885-A286-D748544D6505}.Debug|Any CPU.ActiveCfg = Debug|Any CPU
		{58EC3E34-FC59-4885-A286-D748544D6505}.Debug|Any CPU.Build.0 = Debug|Any CPU
		{58EC3E34-FC59-4885-A286-D748544D6505}.Release|Any CPU.ActiveCfg = Release|Any CPU
		{58EC3E34-FC59-4885-A286-D748544D6505}.Release|Any CPU.Build.0 = Release|Any CPU
		{4BF0DFDD-BD76-4BD5-ADA3-CFF9D9E484B4}.Debug|Any CPU.ActiveCfg = Debug|Any CPU
		{4BF0DFDD-BD76-4BD5-ADA3-CFF9D9E484B4}.Debug|Any CPU.Build.0 = Debug|Any CPU
		{4BF0DFDD-BD76-4BD5-ADA3-CFF9D9E484B4}.Release|Any CPU.ActiveCfg = Release|Any CPU
		{4BF0DFDD-BD76-4BD5-ADA3-CFF9D9E484B4}.Release|Any CPU.Build.0 = Release|Any CPU
		{57538F92-AE49-4E5A-B2AD-95BAEC566B68}.Debug|Any CPU.ActiveCfg = Debug|Any CPU
		{57538F92-AE49-4E5A-B2AD-95BAEC566B68}.Debug|Any CPU.Build.0 = Debug|Any CPU
		{57538F92-AE49-4E5A-B2AD-95BAEC566B68}.Release|Any CPU.ActiveCfg = Release|Any CPU
		{57538F92-AE49-4E5A-B2AD-95BAEC566B68}.Release|Any CPU.Build.0 = Release|Any CPU
	EndGlobalSection
EndGlobal
